<?xml version="1.0" encoding="utf-8"?>
<Project ToolsVersion="4.0" xmlns="http://schemas.microsoft.com/developer/msbuild/2003">
  <ItemGroup>
    <Filter Include="소스 파일">
      <UniqueIdentifier>{4FC737F1-C7A5-4376-A066-2A32D752A2FF}</UniqueIdentifier>
      <Extensions>cpp;c;cc;cxx;c++;cppm;ixx;def;odl;idl;hpj;bat;asm;asmx</Extensions>
    </Filter>
    <Filter Include="헤더 파일">
      <UniqueIdentifier>{93995380-89BD-4b04-88EB-625FBE52EBFB}</UniqueIdentifier>
      <Extensions>h;hh;hpp;hxx;h++;hm;inl;inc;ipp;xsd</Extensions>
    </Filter>
    <Filter Include="리소스 파일">
      <UniqueIdentifier>{67DA6AB6-F800-4c08-8B7A-83BB121AAD01}</UniqueIdentifier>
      <Extensions>rc;ico;cur;bmp;dlg;rc2;rct;bin;rgs;gif;jpg;jpeg;jpe;resx;tiff;tif;png;wav;mfcribbon-ms</Extensions>
    </Filter>
  </ItemGroup>
  <ItemGroup>
    <ClCompile Include="단계\1차원 배열\bj10807.cpp">
      <Filter>소스 파일</Filter>
    </ClCompile>
    <ClCompile Include="단계\1차원 배열\bj10810.cpp">
      <Filter>소스 파일</Filter>
    </ClCompile>
    <ClCompile Include="단계\1차원 배열\bj5597.cpp">
      <Filter>소스 파일</Filter>
    </ClCompile>
    <ClCompile Include="단계\1차원 배열\bj10813.cpp">
      <Filter>소스 파일</Filter>
    </ClCompile>
    <ClCompile Include="단계\1차원 배열\bj10811.cpp">
      <Filter>소스 파일</Filter>
    </ClCompile>
    <ClCompile Include="단계\문자열\bj9086.cpp">
      <Filter>소스 파일</Filter>
    </ClCompile>
    <ClCompile Include="단계\문자열\bj2743.cpp">
      <Filter>소스 파일</Filter>
    </ClCompile>
    <ClCompile Include="단계\문자열\bj27866.cpp">
      <Filter>소스 파일</Filter>
    </ClCompile>
    <ClCompile Include="단계\문자열\bj5622.cpp">
      <Filter>소스 파일</Filter>
    </ClCompile>
    <ClCompile Include="단계\문자열\bj11718.cpp">
      <Filter>소스 파일</Filter>
    </ClCompile>
    <ClCompile Include="단계\심화 1\bj2444.cpp">
      <Filter>소스 파일</Filter>
    </ClCompile>
    <ClCompile Include="단계\심화 1\bj3003.cpp">
      <Filter>소스 파일</Filter>
    </ClCompile>
    <ClCompile Include="단계\2차원 배열\bj2563.cpp">
      <Filter>소스 파일</Filter>
    </ClCompile>
    <ClCompile Include="단계\2차원 배열\bj2738.cpp">
      <Filter>소스 파일</Filter>
    </ClCompile>
    <ClCompile Include="단계\심화 1\bj2941.cpp">
      <Filter>소스 파일</Filter>
    </ClCompile>
    <ClCompile Include="단계\심화 1\bj10988.cpp">
      <Filter>소스 파일</Filter>
    </ClCompile>
    <ClCompile Include="단계\심화 1\bj25206.cpp">
      <Filter>소스 파일</Filter>
    </ClCompile>
    <ClCompile Include="단계\일반 수학1\bj2745.cpp">
      <Filter>소스 파일</Filter>
    </ClCompile>
    <ClCompile Include="단계\일반 수학1\bj11005.cpp">
      <Filter>소스 파일</Filter>
    </ClCompile>
    <ClCompile Include="단계\일반 수학1\bj2720.cpp">
      <Filter>소스 파일</Filter>
    </ClCompile>
    <ClCompile Include="단계\일반 수학1\bj2903.cpp">
      <Filter>소스 파일</Filter>
    </ClCompile>
    <ClCompile Include="단계\일반 수학1\bj1193.cpp">
      <Filter>소스 파일</Filter>
    </ClCompile>
    <ClCompile Include="단계\약수, 배수와 소수\bj5086.cpp">
      <Filter>소스 파일</Filter>
    </ClCompile>
    <ClCompile Include="단계\약수, 배수와 소수\bj2501.cpp">
      <Filter>소스 파일</Filter>
    </ClCompile>
    <ClCompile Include="단계\일반 수학1\bj2869.cpp">
      <Filter>소스 파일</Filter>
    </ClCompile>
    <ClCompile Include="단계\일반 수학1\bj9506.cpp">
      <Filter>소스 파일</Filter>
    </ClCompile>
    <ClCompile Include="단계\약수, 배수와 소수\bj9506.cpp">
      <Filter>소스 파일</Filter>
    </ClCompile>
    <ClCompile Include="단계\약수, 배수와 소수\bj2581.cpp">
      <Filter>소스 파일</Filter>
    </ClCompile>
    <ClCompile Include="단계\약수, 배수와 소수\bj11653.cpp">
      <Filter>소스 파일</Filter>
    </ClCompile>
    <ClCompile Include="단계\기하(직사각형과 삼각형)\bj3009.cpp">
      <Filter>소스 파일</Filter>
    </ClCompile>
    <ClCompile Include="단계\기하(직사각형과 삼각형)\bj15894.cpp">
      <Filter>소스 파일</Filter>
    </ClCompile>
    <ClCompile Include="단계\기하(직사각형과 삼각형)\bj9063.cpp">
      <Filter>소스 파일</Filter>
    </ClCompile>
    <ClCompile Include="단계\기하(직사각형과 삼각형)\bj14215.cpp">
      <Filter>소스 파일</Filter>
    </ClCompile>
    <ClCompile Include="단계\시간 복잡도\bj24262.cpp">
      <Filter>소스 파일</Filter>
    </ClCompile>
    <ClCompile Include="단계\시간 복잡도\bj24263.cpp">
      <Filter>소스 파일</Filter>
    </ClCompile>
    <ClCompile Include="단계\시간 복잡도\bj24264.cpp">
      <Filter>소스 파일</Filter>
    </ClCompile>
    <ClCompile Include="단계\시간 복잡도\bj24265.cpp">
      <Filter>소스 파일</Filter>
    </ClCompile>
    <ClCompile Include="단계\시간 복잡도\bj24266.cpp">
      <Filter>소스 파일</Filter>
    </ClCompile>
    <ClCompile Include="단계\시간 복잡도\bj24313.cpp">
      <Filter>소스 파일</Filter>
    </ClCompile>
    <ClCompile Include="단계\브루트 포스\bj2798.cpp">
      <Filter>소스 파일</Filter>
    </ClCompile>
    <ClCompile Include="단계\브루트 포스\bj2231.cpp">
      <Filter>소스 파일</Filter>
    </ClCompile>
    <ClCompile Include="단계\브루트 포스\bj19532.cpp">
      <Filter>소스 파일</Filter>
    </ClCompile>
    <ClCompile Include="단계\브루트 포스\bj1018.cpp">
      <Filter>소스 파일</Filter>
    </ClCompile>
    <ClCompile Include="단계\브루트 포스\bj1436.cpp">
      <Filter>소스 파일</Filter>
    </ClCompile>
    <ClCompile Include="단계\4) 1차원 배열\bj5597.cpp">
      <Filter>소스 파일</Filter>
    </ClCompile>
    <ClCompile Include="단계\4) 1차원 배열\bj10807.cpp">
      <Filter>소스 파일</Filter>
    </ClCompile>
    <ClCompile Include="단계\4) 1차원 배열\bj10810.cpp">
      <Filter>소스 파일</Filter>
    </ClCompile>
    <ClCompile Include="단계\4) 1차원 배열\bj10811.cpp">
      <Filter>소스 파일</Filter>
    </ClCompile>
    <ClCompile Include="단계\4) 1차원 배열\bj10813.cpp">
      <Filter>소스 파일</Filter>
    </ClCompile>
    <ClCompile Include="단계\5) 문자열\bj2743.cpp">
      <Filter>소스 파일</Filter>
    </ClCompile>
    <ClCompile Include="단계\5) 문자열\bj5622.cpp">
      <Filter>소스 파일</Filter>
    </ClCompile>
    <ClCompile Include="단계\5) 문자열\bj9086.cpp">
      <Filter>소스 파일</Filter>
    </ClCompile>
    <ClCompile Include="단계\5) 문자열\bj11718.cpp">
      <Filter>소스 파일</Filter>
    </ClCompile>
    <ClCompile Include="단계\5) 문자열\bj27866.cpp">
      <Filter>소스 파일</Filter>
    </ClCompile>
    <ClCompile Include="단계\6) 심화 1\bj2444.cpp">
      <Filter>소스 파일</Filter>
    </ClCompile>
    <ClCompile Include="단계\6) 심화 1\bj2941.cpp">
      <Filter>소스 파일</Filter>
    </ClCompile>
    <ClCompile Include="단계\6) 심화 1\bj3003.cpp">
      <Filter>소스 파일</Filter>
    </ClCompile>
    <ClCompile Include="단계\6) 심화 1\bj10988.cpp">
      <Filter>소스 파일</Filter>
    </ClCompile>
    <ClCompile Include="단계\6) 심화 1\bj25206.cpp">
      <Filter>소스 파일</Filter>
    </ClCompile>
    <ClCompile Include="단계\7) 2차원 배열\bj2563.cpp">
      <Filter>소스 파일</Filter>
    </ClCompile>
    <ClCompile Include="단계\7) 2차원 배열\bj2738.cpp">
      <Filter>소스 파일</Filter>
    </ClCompile>
    <ClCompile Include="단계\8) 일반 수학1\bj1193.cpp">
      <Filter>소스 파일</Filter>
    </ClCompile>
    <ClCompile Include="단계\8) 일반 수학1\bj2720.cpp">
      <Filter>소스 파일</Filter>
    </ClCompile>
    <ClCompile Include="단계\8) 일반 수학1\bj2745.cpp">
      <Filter>소스 파일</Filter>
    </ClCompile>
    <ClCompile Include="단계\8) 일반 수학1\bj2869.cpp">
      <Filter>소스 파일</Filter>
    </ClCompile>
    <ClCompile Include="단계\8) 일반 수학1\bj2903.cpp">
      <Filter>소스 파일</Filter>
    </ClCompile>
    <ClCompile Include="단계\8) 일반 수학1\bj11005.cpp">
      <Filter>소스 파일</Filter>
    </ClCompile>
    <ClCompile Include="단계\9) 약수, 배수와 소수\bj2501.cpp">
      <Filter>소스 파일</Filter>
    </ClCompile>
    <ClCompile Include="단계\9) 약수, 배수와 소수\bj2581.cpp">
      <Filter>소스 파일</Filter>
    </ClCompile>
    <ClCompile Include="단계\9) 약수, 배수와 소수\bj9506.cpp">
      <Filter>소스 파일</Filter>
    </ClCompile>
    <ClCompile Include="단계\9) 약수, 배수와 소수\bj5086.cpp">
      <Filter>소스 파일</Filter>
    </ClCompile>
    <ClCompile Include="단계\9) 약수, 배수와 소수\bj11653.cpp">
      <Filter>소스 파일</Filter>
    </ClCompile>
    <ClCompile Include="단계\10) 기하(직사각형과 삼각형)\bj3009.cpp">
      <Filter>소스 파일</Filter>
    </ClCompile>
    <ClCompile Include="단계\10) 기하(직사각형과 삼각형)\bj9063.cpp">
      <Filter>소스 파일</Filter>
    </ClCompile>
    <ClCompile Include="단계\10) 기하(직사각형과 삼각형)\bj14215.cpp">
      <Filter>소스 파일</Filter>
    </ClCompile>
    <ClCompile Include="단계\10) 기하(직사각형과 삼각형)\bj15894.cpp">
      <Filter>소스 파일</Filter>
    </ClCompile>
    <ClCompile Include="단계\11) 시간 복잡도\bj24262.cpp">
      <Filter>소스 파일</Filter>
    </ClCompile>
    <ClCompile Include="단계\11) 시간 복잡도\bj24263.cpp">
      <Filter>소스 파일</Filter>
    </ClCompile>
    <ClCompile Include="단계\11) 시간 복잡도\bj24264.cpp">
      <Filter>소스 파일</Filter>
    </ClCompile>
    <ClCompile Include="단계\11) 시간 복잡도\bj24265.cpp">
      <Filter>소스 파일</Filter>
    </ClCompile>
    <ClCompile Include="단계\11) 시간 복잡도\bj24266.cpp">
      <Filter>소스 파일</Filter>
    </ClCompile>
    <ClCompile Include="단계\11) 시간 복잡도\bj24313.cpp">
      <Filter>소스 파일</Filter>
    </ClCompile>
    <ClCompile Include="단계\12) 브루트 포스\bj1018.cpp">
      <Filter>소스 파일</Filter>
    </ClCompile>
    <ClCompile Include="단계\12) 브루트 포스\bj1436.cpp">
      <Filter>소스 파일</Filter>
    </ClCompile>
    <ClCompile Include="단계\12) 브루트 포스\bj2798.cpp">
      <Filter>소스 파일</Filter>
    </ClCompile>
    <ClCompile Include="단계\12) 브루트 포스\bj2231.cpp">
      <Filter>소스 파일</Filter>
    </ClCompile>
    <ClCompile Include="단계\12) 브루트 포스\bj19532.cpp">
      <Filter>소스 파일</Filter>
    </ClCompile>
    <ClCompile Include="단계\13) 정렬\bj2750.cpp">
      <Filter>소스 파일</Filter>
    </ClCompile>
    <ClCompile Include="단계\13) 정렬\many sorts.cpp">
      <Filter>소스 파일</Filter>
    </ClCompile>
    <ClCompile Include="단계\13) 정렬\bj2587.cpp">
      <Filter>소스 파일</Filter>
    </ClCompile>
    <ClCompile Include="단계\13) 정렬\bj25305.cpp">
      <Filter>소스 파일</Filter>
    </ClCompile>
    <ClCompile Include="단계\13) 정렬\bj10989.cpp">
      <Filter>소스 파일</Filter>
    </ClCompile>
    <ClCompile Include="단계\13) 정렬\bj1427.cpp">
      <Filter>소스 파일</Filter>
    </ClCompile>
    <ClCompile Include="단계\13) 정렬\bj11650.cpp">
      <Filter>소스 파일</Filter>
    </ClCompile>
    <ClCompile Include="단계\13) 정렬\bj11651.cpp">
      <Filter>소스 파일</Filter>
    </ClCompile>
    <ClCompile Include="단계\13) 정렬\bj1181.cpp">
      <Filter>소스 파일</Filter>
    </ClCompile>
    <ClCompile Include="단계\13) 정렬\bj10814.cpp">
      <Filter>소스 파일</Filter>
    </ClCompile>
    <ClCompile Include="단계\13) 정렬\18870.cpp">
      <Filter>소스 파일</Filter>
    </ClCompile>
    <ClCompile Include="강의\알고리즘 기초1\200 - 자료구조1\bj10828.cpp">
      <Filter>소스 파일</Filter>
    </ClCompile>
    <ClCompile Include="강의\알고리즘 기초1\200 - 자료구조1\bj9093.cpp">
      <Filter>소스 파일</Filter>
    </ClCompile>
    <ClCompile Include="강의\알고리즘 기초1\200 - 자료구조1\bj9012.cpp">
      <Filter>소스 파일</Filter>
    </ClCompile>
    <ClCompile Include="강의\알고리즘 기초1\200 - 자료구조1\bj1406.cpp">
      <Filter>소스 파일</Filter>
    </ClCompile>
    <ClCompile Include="강의\알고리즘 기초1\200 - 자료구조1\bj1874.cpp">
      <Filter>소스 파일</Filter>
    </ClCompile>
    <ClCompile Include="강의\알고리즘 기초1\200 - 자료구조1\bj10845.cpp">
      <Filter>소스 파일</Filter>
    </ClCompile>
    <ClCompile Include="강의\알고리즘 기초1\200 - 자료구조1\bj1158.cpp">
      <Filter>소스 파일</Filter>
    </ClCompile>
    <ClCompile Include="강의\알고리즘 기초1\200 - 자료구조1\bj10866.cpp">
      <Filter>소스 파일</Filter>
    </ClCompile>
    <ClCompile Include="강의\알고리즘 기초1\201 - 자료구조1 (연습)\bj17413.cpp">
      <Filter>소스 파일</Filter>
    </ClCompile>
    <ClCompile Include="강의\알고리즘 기초1\201 - 자료구조1 (연습)\bj10799.cpp">
      <Filter>소스 파일</Filter>
    </ClCompile>
    <ClCompile Include="강의\알고리즘 기초1\201 - 자료구조1 (연습)\bj17298.cpp">
      <Filter>소스 파일</Filter>
    </ClCompile>
    <ClCompile Include="강의\알고리즘 기초1\203 - 자료구조1 (참고)\bj1935.cpp">
      <Filter>소스 파일</Filter>
    </ClCompile>
    <ClCompile Include="강의\알고리즘 기초1\201 - 자료구조1 (연습)\bj17299.cpp">
      <Filter>소스 파일</Filter>
    </ClCompile>
    <ClCompile Include="강의\알고리즘 기초1\203 - 자료구조1 (참고)\bj1918.cpp">
      <Filter>소스 파일</Filter>
    </ClCompile>
    <ClCompile Include="강의\알고리즘 기초1\203 - 자료구조1 (참고)\bj10808.cpp">
      <Filter>소스 파일</Filter>
    </ClCompile>
    <ClCompile Include="강의\알고리즘 기초1\203 - 자료구조1 (참고)\bj2743.cpp">
      <Filter>소스 파일</Filter>
    </ClCompile>
    <ClCompile Include="강의\알고리즘 기초1\203 - 자료구조1 (참고)\bj10809.cpp">
      <Filter>소스 파일</Filter>
    </ClCompile>
    <ClCompile Include="강의\알고리즘 기초1\203 - 자료구조1 (참고)\bj10820.cpp">
      <Filter>소스 파일</Filter>
    </ClCompile>
    <ClCompile Include="강의\알고리즘 기초1\203 - 자료구조1 (참고)\bj10824.cpp">
      <Filter>소스 파일</Filter>
    </ClCompile>
    <ClCompile Include="강의\알고리즘 기초1\203 - 자료구조1 (참고)\bj11655.cpp">
      <Filter>소스 파일</Filter>
    </ClCompile>
    <ClCompile Include="강의\알고리즘 기초1\300 - 수학 1\bj1676.cpp">
      <Filter>소스 파일</Filter>
    </ClCompile>
    <ClCompile Include="강의\알고리즘 기초1\300 - 수학 1\bj1929.cpp">
      <Filter>소스 파일</Filter>
    </ClCompile>
    <ClCompile Include="강의\알고리즘 기초1\300 - 수학 1\bj1943.cpp">
      <Filter>소스 파일</Filter>
    </ClCompile>
    <ClCompile Include="강의\알고리즘 기초1\300 - 수학 1\bj1978.cpp">
      <Filter>소스 파일</Filter>
    </ClCompile>
    <ClCompile Include="강의\알고리즘 기초1\300 - 수학 1\bj6588.cpp">
      <Filter>소스 파일</Filter>
    </ClCompile>
    <ClCompile Include="강의\알고리즘 기초1\300 - 수학 1\bj2609.cpp">
      <Filter>소스 파일</Filter>
    </ClCompile>
    <ClCompile Include="강의\알고리즘 기초1\300 - 수학 1\bj10430.cpp">
      <Filter>소스 파일</Filter>
    </ClCompile>
    <ClCompile Include="강의\알고리즘 기초1\300 - 수학 1\bj10872.cpp">
      <Filter>소스 파일</Filter>
    </ClCompile>
    <ClCompile Include="강의\알고리즘 기초1\203 - 자료구조1 (참고)\bj11656.cpp">
      <Filter>소스 파일</Filter>
    </ClCompile>
    <ClCompile Include="강의\알고리즘 기초1\301 - 수학1 (연습)\bj9613.cpp">
      <Filter>소스 파일</Filter>
    </ClCompile>
    <ClCompile Include="강의\알고리즘 기초1\301 - 수학1 (연습)\bj17087.cpp">
      <Filter>소스 파일</Filter>
    </ClCompile>
    <ClCompile Include="강의\알고리즘 기초1\301 - 수학1 (연습)\bj1373.cpp">
      <Filter>소스 파일</Filter>
    </ClCompile>
    <ClCompile Include="강의\알고리즘 기초1\301 - 수학1 (연습)\bj17103.cpp">
      <Filter>소스 파일</Filter>
    </ClCompile>
    <ClCompile Include="강의\알고리즘 기초1\303 - 수학1 (참고)\bj11005.cpp">
      <Filter>소스 파일</Filter>
    </ClCompile>
    <ClCompile Include="강의\알고리즘 기초1\303 - 수학1 (참고)\bj2745.cpp">
      <Filter>소스 파일</Filter>
    </ClCompile>
    <ClCompile Include="강의\알고리즘 기초1\303 - 수학1 (참고)\bj11576.cpp">
      <Filter>소스 파일</Filter>
    </ClCompile>
  </ItemGroup>
  <ItemGroup>
    <Object Include="x64\Debug\bj10807.obj" />
    <Object Include="x64\Debug\bj10810.obj" />
  </ItemGroup>
  <ItemGroup>
    <Text Include="x64\Debug\Source.log" />
  </ItemGroup>
  <ItemGroup>
    <None Include="x64\Debug\vc143.idb" />
    <None Include="x64\Debug\vc143.pdb" />
  </ItemGroup>
</Project>